
Microsoft Visual Studio Solution File, Format Version 12.00
# Visual Studio Version 17
VisualStudioVersion = 17.3.32929.385
MinimumVisualStudioVersion = 10.0.40219.1
Project("{9A19103F-16F7-4668-BE54-9A1E7A4F7556}") = "SimpleTrader.Domain", "SimpleTrader.Domain\SimpleTrader.Domain.csproj", "{FCA02E7A-3364-40AB-A133-6E0092F5BC76}"
EndProject
Project("{9A19103F-16F7-4668-BE54-9A1E7A4F7556}") = "SimpleTrader.EntityFramework", "SimpleTrader.EntityFramework\SimpleTrader.EntityFramework.csproj", "{1628B748-F344-4F09-A09C-DDA827F261C9}"
EndProject
Project("{9A19103F-16F7-4668-BE54-9A1E7A4F7556}") = "ConsoleApp1", "ConsoleApp1\ConsoleApp1.csproj", "{8A5DDA37-4690-40B7-9699-959D05C5516A}"
EndProject
Project("{9A19103F-16F7-4668-BE54-9A1E7A4F7556}") = "SimpleTrader.WPF", "SimpleTrader.WPF\SimpleTrader.WPF.csproj", "{9C8E76CA-B896-4094-B4CA-B9696B77DA3C}"
EndProject
Project("{FAE04EC0-301F-11D3-BF4B-00C04F79EFBC}") = "SimpleTrader.FinancialModelingPrepAPI", "SimpleTrader.FinancialModelingPrepAPI\SimpleTrader.FinancialModelingPrepAPI.csproj", "{F5A16C03-3D57-450A-8C03-4F322254C37B}"
EndProject
Global
	GlobalSection(SolutionConfigurationPlatforms) = preSolution
		Debug|Any CPU = Debug|Any CPU
		Release|Any CPU = Release|Any CPU
	EndGlobalSection
	GlobalSection(ProjectConfigurationPlatforms) = postSolution
		{FCA02E7A-3364-40AB-A133-6E0092F5BC76}.Debug|Any CPU.ActiveCfg = Debug|Any CPU
		{FCA02E7A-3364-40AB-A133-6E0092F5BC76}.Debug|Any CPU.Build.0 = Debug|Any CPU
		{FCA02E7A-3364-40AB-A133-6E0092F5BC76}.Release|Any CPU.ActiveCfg = Release|Any CPU
		{FCA02E7A-3364-40AB-A133-6E0092F5BC76}.Release|Any CPU.Build.0 = Release|Any CPU
		{1628B748-F344-4F09-A09C-DDA827F261C9}.Debug|Any CPU.ActiveCfg = Debug|Any CPU
		{1628B748-F344-4F09-A09C-DDA827F261C9}.Debug|Any CPU.Build.0 = Debug|Any CPU
		{1628B748-F344-4F09-A09C-DDA827F261C9}.Release|Any CPU.ActiveCfg = Release|Any CPU
		{1628B748-F344-4F09-A09C-DDA827F261C9}.Release|Any CPU.Build.0 = Release|Any CPU
		{8A5DDA37-4690-40B7-9699-959D05C5516A}.Debug|Any CPU.ActiveCfg = Debug|Any CPU
		{8A5DDA37-4690-40B7-9699-959D05C5516A}.Debug|Any CPU.Build.0 = Debug|Any CPU
		{8A5DDA37-4690-40B7-9699-959D05C5516A}.Release|Any CPU.ActiveCfg = Release|Any CPU
		{8A5DDA37-4690-40B7-9699-959D05C5516A}.Release|Any CPU.Build.0 = Release|Any CPU
		{9C8E76CA-B896-4094-B4CA-B9696B77DA3C}.Debug|Any CPU.ActiveCfg = Debug|Any CPU
		{9C8E76CA-B896-4094-B4CA-B9696B77DA3C}.Debug|Any CPU.Build.0 = Debug|Any CPU
		{9C8E76CA-B896-4094-B4CA-B9696B77DA3C}.Release|Any CPU.ActiveCfg = Release|Any CPU
		{9C8E76CA-B896-4094-B4CA-B9696B77DA3C}.Release|Any CPU.Build.0 = Release|Any CPU
		{F5A16C03-3D57-450A-8C03-4F322254C37B}.Debug|Any CPU.ActiveCfg = Debug|Any CPU
		{F5A16C03-3D57-450A-8C03-4F322254C37B}.Debug|Any CPU.Build.0 = Debug|Any CPU
		{F5A16C03-3D57-450A-8C03-4F322254C37B}.Release|Any CPU.ActiveCfg = Release|Any CPU
		{F5A16C03-3D57-450A-8C03-4F322254C37B}.Release|Any CPU.Build.0 = Release|Any CPU
	EndGlobalSection
	GlobalSection(SolutionProperties) = preSolution
		HideSolutionNode = FALSE
	EndGlobalSection
	GlobalSection(ExtensibilityGlobals) = postSolution
		SolutionGuid = {11DEEC3F-AC94-467D-A41E-056929861FE6}
	EndGlobalSection
EndGlobal
